
Microsoft Visual Studio Solution File, Format Version 12.00
# Visual Studio Version 17
VisualStudioVersion = 17.3.32929.385
MinimumVisualStudioVersion = 10.0.40219.1
Project("{FAE04EC0-301F-11D3-BF4B-00C04F79EFBC}") = "WebDT", "WebDT\WebDT.csproj", "{620BCBB2-CDD2-41DC-A24D-FEA0EFED75D1}"
EndProject
Global
	GlobalSection(SolutionConfigurationPlatforms) = preSolution
		Debug|Any CPU = Debug|Any CPU
		Release|Any CPU = Release|Any CPU
	EndGlobalSection
	GlobalSection(ProjectConfigurationPlatforms) = postSolution
		{620BCBB2-CDD2-41DC-A24D-FEA0EFED75D1}.Debug|Any CPU.ActiveCfg = Debug|Any CPU
		{620BCBB2-CDD2-41DC-A24D-FEA0EFED75D1}.Debug|Any CPU.Build.0 = Debug|Any CPU
		{620BCBB2-CDD2-41DC-A24D-FEA0EFED75D1}.Release|Any CPU.ActiveCfg = Release|Any CPU
		{620BCBB2-CDD2-41DC-A24D-FEA0EFED75D1}.Release|Any CPU.Build.0 = Release|Any CPU
	EndGlobalSection
	GlobalSection(SolutionProperties) = preSolution
		HideSolutionNode = FALSE
	EndGlobalSection
	GlobalSection(ExtensibilityGlobals) = postSolution
		SolutionGuid = {7A1A5FC7-9ABE-4D36-8D0B-627A6EC407D1}
	EndGlobalSection
EndGlobal
